
Microsoft Visual Studio Solution File, Format Version 12.00
# Visual Studio 2017
Project("{FAE04EC0-301F-11D3-BF4B-00C04F79EFBC}") = "HololensSlenderman", "HololensSlenderman.csproj", "{AE379578-3410-52FC-4621-CE137AC74F3B}"
EndProject
Global
	GlobalSection(SolutionConfigurationPlatforms) = preSolution
		Debug|Any CPU = Debug|Any CPU
		Release|Any CPU = Release|Any CPU
	EndGlobalSection
	GlobalSection(ProjectConfigurationPlatforms) = postSolution
		{AE379578-3410-52FC-4621-CE137AC74F3B}.Debug|Any CPU.ActiveCfg = Debug|Any CPU
		{AE379578-3410-52FC-4621-CE137AC74F3B}.Debug|Any CPU.Build.0 = Debug|Any CPU
		{AE379578-3410-52FC-4621-CE137AC74F3B}.Release|Any CPU.ActiveCfg = Release|Any CPU
		{AE379578-3410-52FC-4621-CE137AC74F3B}.Release|Any CPU.Build.0 = Release|Any CPU
	EndGlobalSection
	GlobalSection(SolutionProperties) = preSolution
		HideSolutionNode = FALSE
	EndGlobalSection
EndGlobal
