
Microsoft Visual Studio Solution File, Format Version 12.00
# Visual Studio 2017
Project("{FAE04EC0-301F-11D3-BF4B-00C04F79EFBC}") = "holo-testy", "holo-testy.csproj", "{53264974-C099-3F29-C6B5-0AED098EE199}"
EndProject
Global
	GlobalSection(SolutionConfigurationPlatforms) = preSolution
		Debug|Any CPU = Debug|Any CPU
		Release|Any CPU = Release|Any CPU
	EndGlobalSection
	GlobalSection(ProjectConfigurationPlatforms) = postSolution
		{53264974-C099-3F29-C6B5-0AED098EE199}.Debug|Any CPU.ActiveCfg = Debug|Any CPU
		{53264974-C099-3F29-C6B5-0AED098EE199}.Debug|Any CPU.Build.0 = Debug|Any CPU
		{53264974-C099-3F29-C6B5-0AED098EE199}.Release|Any CPU.ActiveCfg = Release|Any CPU
		{53264974-C099-3F29-C6B5-0AED098EE199}.Release|Any CPU.Build.0 = Release|Any CPU
	EndGlobalSection
	GlobalSection(SolutionProperties) = preSolution
		HideSolutionNode = FALSE
	EndGlobalSection
EndGlobal
